
Microsoft Visual Studio Solution File, Format Version 12.00
# Visual Studio Version 17
VisualStudioVersion = 17.8.34330.188
MinimumVisualStudioVersion = 10.0.40219.1
Project("{FAE04EC0-301F-11D3-BF4B-00C04F79EFBC}") = "EcommerceSite", "EcommerceSite\EcommerceSite.csproj", "{D83F35D9-A39D-4AF6-9A30-E4EDF9D4F286}"
EndProject
Global
	GlobalSection(SolutionConfigurationPlatforms) = preSolution
		Debug|Any CPU = Debug|Any CPU
		Release|Any CPU = Release|Any CPU
	EndGlobalSection
	GlobalSection(ProjectConfigurationPlatforms) = postSolution
		{D83F35D9-A39D-4AF6-9A30-E4EDF9D4F286}.Debug|Any CPU.ActiveCfg = Debug|Any CPU
		{D83F35D9-A39D-4AF6-9A30-E4EDF9D4F286}.Debug|Any CPU.Build.0 = Debug|Any CPU
		{D83F35D9-A39D-4AF6-9A30-E4EDF9D4F286}.Release|Any CPU.ActiveCfg = Release|Any CPU
		{D83F35D9-A39D-4AF6-9A30-E4EDF9D4F286}.Release|Any CPU.Build.0 = Release|Any CPU
	EndGlobalSection
	GlobalSection(SolutionProperties) = preSolution
		HideSolutionNode = FALSE
	EndGlobalSection
	GlobalSection(ExtensibilityGlobals) = postSolution
		SolutionGuid = {0687FE79-FBE1-4DEF-AC17-0C2521DF5DDB}
	EndGlobalSection
EndGlobal
